{
  "nodes": {
    "nixpkgs": {
      "locked": {
        "lastModified": 1676885936,
        "narHash": "sha256-ZRKb6zBfTvdCOXI7nGC1L9UWSU5ay2ltxg+f5UIzBOU=",
        "path": "/nix/store/4bdz2j6lry2vl44bcdaaarcap1p7qfpb-source",
        "rev": "b69883faca9542d135fa6bab7928ff1b233c167f",
        "type": "path"
      },
      "original": {
        "id": "nixpkgs",
        "type": "indirect"
      }
    },
    "root": {
      "inputs": {
        "nixpkgs": "nixpkgs"
      }
    }
  },
  "root": "root",
  "version": 7
}
